// !$*UTF8*$!
{
	archiveVersion = 1;
	classes = {
	};
	objectVersion = 50;
	objects = {

/* Begin PBXBuildFile section */
		3C6152AD22C4D2FA0046C739 /* AppDelegate.swift in Sources */ = {isa = PBXBuildFile; fileRef = 3C6152AC22C4D2FA0046C739 /* AppDelegate.swift */; };
		3C6152AF22C4D2FA0046C739 /* ViewController.swift in Sources */ = {isa = PBXBuildFile; fileRef = 3C6152AE22C4D2FA0046C739 /* ViewController.swift */; };
		3C6152B222C4D2FA0046C739 /* Main.storyboard in Resources */ = {isa = PBXBuildFile; fileRef = 3C6152B022C4D2FA0046C739 /* Main.storyboard */; };
		3C6152B422C4D2FC0046C739 /* Assets.xcassets in Resources */ = {isa = PBXBuildFile; fileRef = 3C6152B322C4D2FC0046C739 /* Assets.xcassets */; };
		3C6152B722C4D2FC0046C739 /* LaunchScreen.storyboard in Resources */ = {isa = PBXBuildFile; fileRef = 3C6152B522C4D2FC0046C739 /* LaunchScreen.storyboard */; };
		3C6152C022C4EA4F0046C739 /* CircleView.swift in Sources */ = {isa = PBXBuildFile; fileRef = 3C6152BF22C4EA4F0046C739 /* CircleView.swift */; };
		3C6152C222C4ED600046C739 /* RectangleView.swift in Sources */ = {isa = PBXBuildFile; fileRef = 3C6152C122C4ED600046C739 /* RectangleView.swift */; };
		3C6152C522C6037F0046C739 /* CGFloat.swift in Sources */ = {isa = PBXBuildFile; fileRef = 3C6152C422C6037F0046C739 /* CGFloat.swift */; };
		3C6152C722C603990046C739 /* UIColor.swift in Sources */ = {isa = PBXBuildFile; fileRef = 3C6152C622C603990046C739 /* UIColor.swift */; };
		3C6152CA22C606BD0046C739 /* RectangleDelegate.swift in Sources */ = {isa = PBXBuildFile; fileRef = 3C6152C922C606BD0046C739 /* RectangleDelegate.swift */; };
		3CC56F3222C61D22001BA0D9 /* AppConfig.swift in Sources */ = {isa = PBXBuildFile; fileRef = 3CC56F3122C61D22001BA0D9 /* AppConfig.swift */; };
/* End PBXBuildFile section */

/* Begin PBXFileReference section */
		3C6152A922C4D2FA0046C739 /* Rectangles.app */ = {isa = PBXFileReference; explicitFileType = wrapper.application; includeInIndex = 0; path = Rectangles.app; sourceTree = BUILT_PRODUCTS_DIR; };
		3C6152AC22C4D2FA0046C739 /* AppDelegate.swift */ = {isa = PBXFileReference; lastKnownFileType = sourcecode.swift; path = AppDelegate.swift; sourceTree = "<group>"; };
		3C6152AE22C4D2FA0046C739 /* ViewController.swift */ = {isa = PBXFileReference; lastKnownFileType = sourcecode.swift; path = ViewController.swift; sourceTree = "<group>"; };
		3C6152B122C4D2FA0046C739 /* Base */ = {isa = PBXFileReference; lastKnownFileType = file.storyboard; name = Base; path = Base.lproj/Main.storyboard; sourceTree = "<group>"; };
		3C6152B322C4D2FC0046C739 /* Assets.xcassets */ = {isa = PBXFileReference; lastKnownFileType = folder.assetcatalog; path = Assets.xcassets; sourceTree = "<group>"; };
		3C6152B622C4D2FC0046C739 /* Base */ = {isa = PBXFileReference; lastKnownFileType = file.storyboard; name = Base; path = Base.lproj/LaunchScreen.storyboard; sourceTree = "<group>"; };
		3C6152B822C4D2FC0046C739 /* Info.plist */ = {isa = PBXFileReference; lastKnownFileType = text.plist.xml; path = Info.plist; sourceTree = "<group>"; };
		3C6152BF22C4EA4F0046C739 /* CircleView.swift */ = {isa = PBXFileReference; lastKnownFileType = sourcecode.swift; path = CircleView.swift; sourceTree = "<group>"; };
		3C6152C122C4ED600046C739 /* RectangleView.swift */ = {isa = PBXFileReference; lastKnownFileType = sourcecode.swift; path = RectangleView.swift; sourceTree = "<group>"; };
		3C6152C422C6037F0046C739 /* CGFloat.swift */ = {isa = PBXFileReference; lastKnownFileType = sourcecode.swift; path = CGFloat.swift; sourceTree = "<group>"; };
		3C6152C622C603990046C739 /* UIColor.swift */ = {isa = PBXFileReference; lastKnownFileType = sourcecode.swift; path = UIColor.swift; sourceTree = "<group>"; };
		3C6152C922C606BD0046C739 /* RectangleDelegate.swift */ = {isa = PBXFileReference; lastKnownFileType = sourcecode.swift; path = RectangleDelegate.swift; sourceTree = "<group>"; };
		3CC56F3122C61D22001BA0D9 /* AppConfig.swift */ = {isa = PBXFileReference; lastKnownFileType = sourcecode.swift; path = AppConfig.swift; sourceTree = "<group>"; };
/* End PBXFileReference section */

/* Begin PBXFrameworksBuildPhase section */
		3C6152A622C4D2FA0046C739 /* Frameworks */ = {
			isa = PBXFrameworksBuildPhase;
			buildActionMask = 2147483647;
			files = (
			);
			runOnlyForDeploymentPostprocessing = 0;
		};
/* End PBXFrameworksBuildPhase section */

/* Begin PBXGroup section */
		3C6152A022C4D2FA0046C739 = {
			isa = PBXGroup;
			children = (
				3C6152AB22C4D2FA0046C739 /* Rectangles */,
				3C6152AA22C4D2FA0046C739 /* Products */,
			);
			sourceTree = "<group>";
		};
		3C6152AA22C4D2FA0046C739 /* Products */ = {
			isa = PBXGroup;
			children = (
				3C6152A922C4D2FA0046C739 /* Rectangles.app */,
			);
			name = Products;
			sourceTree = "<group>";
		};
		3C6152AB22C4D2FA0046C739 /* Rectangles */ = {
			isa = PBXGroup;
			children = (
				3CC56F3022C61D10001BA0D9 /* AppConfig */,
				3C6152C822C6069F0046C739 /* Protocols */,
				3C6152C322C603720046C739 /* Extensions */,
				3C6152BE22C4EA3E0046C739 /* Views */,
				3C6152AC22C4D2FA0046C739 /* AppDelegate.swift */,
				3C6152AE22C4D2FA0046C739 /* ViewController.swift */,
				3C6152B022C4D2FA0046C739 /* Main.storyboard */,
				3C6152B322C4D2FC0046C739 /* Assets.xcassets */,
				3C6152B522C4D2FC0046C739 /* LaunchScreen.storyboard */,
				3C6152B822C4D2FC0046C739 /* Info.plist */,
			);
			path = Rectangles;
			sourceTree = "<group>";
		};
		3C6152BE22C4EA3E0046C739 /* Views */ = {
			isa = PBXGroup;
			children = (
				3C6152BF22C4EA4F0046C739 /* CircleView.swift */,
				3C6152C122C4ED600046C739 /* RectangleView.swift */,
			);
			path = Views;
			sourceTree = "<group>";
		};
		3C6152C322C603720046C739 /* Extensions */ = {
			isa = PBXGroup;
			children = (
				3C6152C422C6037F0046C739 /* CGFloat.swift */,
				3C6152C622C603990046C739 /* UIColor.swift */,
			);
			path = Extensions;
			sourceTree = "<group>";
		};
		3C6152C822C6069F0046C739 /* Protocols */ = {
			isa = PBXGroup;
			children = (
				3C6152C922C606BD0046C739 /* RectangleDelegate.swift */,
			);
			path = Protocols;
			sourceTree = "<group>";
		};
		3CC56F3022C61D10001BA0D9 /* AppConfig */ = {
			isa = PBXGroup;
			children = (
				3CC56F3122C61D22001BA0D9 /* AppConfig.swift */,
			);
			path = AppConfig;
			sourceTree = "<group>";
		};
/* End PBXGroup section */

/* Begin PBXNativeTarget section */
		3C6152A822C4D2FA0046C739 /* Rectangles */ = {
			isa = PBXNativeTarget;
			buildConfigurationList = 3C6152BB22C4D2FC0046C739 /* Build configuration list for PBXNativeTarget "Rectangles" */;
			buildPhases = (
				3C6152A522C4D2FA0046C739 /* Sources */,
				3C6152A622C4D2FA0046C739 /* Frameworks */,
				3C6152A722C4D2FA0046C739 /* Resources */,
			);
			buildRules = (
			);
			dependencies = (
			);
			name = Rectangles;
			productName = Rectangles;
			productReference = 3C6152A922C4D2FA0046C739 /* Rectangles.app */;
			productType = "com.apple.product-type.application";
		};
/* End PBXNativeTarget section */

/* Begin PBXProject section */
		3C6152A122C4D2FA0046C739 /* Project object */ = {
			isa = PBXProject;
			attributes = {
				LastSwiftUpdateCheck = 1020;
				LastUpgradeCheck = 1020;
				ORGANIZATIONNAME = Oleg_Yankivskyi;
				TargetAttributes = {
					3C6152A822C4D2FA0046C739 = {
						CreatedOnToolsVersion = 10.2.1;
					};
				};
			};
			buildConfigurationList = 3C6152A422C4D2FA0046C739 /* Build configuration list for PBXProject "Rectangles" */;
			compatibilityVersion = "Xcode 9.3";
			developmentRegion = en;
			hasScannedForEncodings = 0;
			knownRegions = (
				en,
				Base,
			);
			mainGroup = 3C6152A022C4D2FA0046C739;
			productRefGroup = 3C6152AA22C4D2FA0046C739 /* Products */;
			projectDirPath = "";
			projectRoot = "";
			targets = (
				3C6152A822C4D2FA0046C739 /* Rectangles */,
			);
		};
/* End PBXProject section */

/* Begin PBXResourcesBuildPhase section */
		3C6152A722C4D2FA0046C739 /* Resources */ = {
			isa = PBXResourcesBuildPhase;
			buildActionMask = 2147483647;
			files = (
				3C6152B722C4D2FC0046C739 /* LaunchScreen.storyboard in Resources */,
				3C6152B422C4D2FC0046C739 /* Assets.xcassets in Resources */,
				3C6152B222C4D2FA0046C739 /* Main.storyboard in Resources */,
			);
			runOnlyForDeploymentPostprocessing = 0;
		};
/* End PBXResourcesBuildPhase section */

/* Begin PBXSourcesBuildPhase section */
		3C6152A522C4D2FA0046C739 /* Sources */ = {
			isa = PBXSourcesBuildPhase;
			buildActionMask = 2147483647;
			files = (
				3C6152C522C6037F0046C739 /* CGFloat.swift in Sources */,
				3CC56F3222C61D22001BA0D9 /* AppConfig.swift in Sources */,
				3C6152C722C603990046C739 /* UIColor.swift in Sources */,
				3C6152C022C4EA4F0046C739 /* CircleView.swift in Sources */,
				3C6152CA22C606BD0046C739 /* RectangleDelegate.swift in Sources */,
				3C6152AF22C4D2FA0046C739 /* ViewController.swift in Sources */,
				3C6152C222C4ED600046C739 /* RectangleView.swift in Sources */,
				3C6152AD22C4D2FA0046C739 /* AppDelegate.swift in Sources */,
			);
			runOnlyForDeploymentPostprocessing = 0;
		};
/* End PBXSourcesBuildPhase section */

/* Begin PBXVariantGroup section */
		3C6152B022C4D2FA0046C739 /* Main.storyboard */ = {
			isa = PBXVariantGroup;
			children = (
				3C6152B122C4D2FA0046C739 /* Base */,
			);
			name = Main.storyboard;
			sourceTree = "<group>";
		};
		3C6152B522C4D2FC0046C739 /* LaunchScreen.storyboard */ = {
			isa = PBXVariantGroup;
			children = (
				3C6152B622C4D2FC0046C739 /* Base */,
			);
			name = LaunchScreen.storyboard;
			sourceTree = "<group>";
		};
/* End PBXVariantGroup section */

/* Begin XCBuildConfiguration section */
		3C6152B922C4D2FC0046C739 /* Debug */ = {
			isa = XCBuildConfiguration;
			buildSettings = {
				ALWAYS_SEARCH_USER_PATHS = NO;
				CLANG_ANALYZER_NONNULL = YES;
				CLANG_ANALYZER_NUMBER_OBJECT_CONVERSION = YES_AGGRESSIVE;
				CLANG_CXX_LANGUAGE_STANDARD = "gnu++14";
				CLANG_CXX_LIBRARY = "libc++";
				CLANG_ENABLE_MODULES = YES;
				CLANG_ENABLE_OBJC_ARC = YES;
				CLANG_ENABLE_OBJC_WEAK = YES;
				CLANG_WARN_BLOCK_CAPTURE_AUTORELEASING = YES;
				CLANG_WARN_BOOL_CONVERSION = YES;
				CLANG_WARN_COMMA = YES;
				CLANG_WARN_CONSTANT_CONVERSION = YES;
				CLANG_WARN_DEPRECATED_OBJC_IMPLEMENTATIONS = YES;
				CLANG_WARN_DIRECT_OBJC_ISA_USAGE = YES_ERROR;
				CLANG_WARN_DOCUMENTATION_COMMENTS = YES;
				CLANG_WARN_EMPTY_BODY = YES;
				CLANG_WARN_ENUM_CONVERSION = YES;
				CLANG_WARN_INFINITE_RECURSION = YES;
				CLANG_WARN_INT_CONVERSION = YES;
				CLANG_WARN_NON_LITERAL_NULL_CONVERSION = YES;
				CLANG_WARN_OBJC_IMPLICIT_RETAIN_SELF = YES;
				CLANG_WARN_OBJC_LITERAL_CONVERSION = YES;
				CLANG_WARN_OBJC_ROOT_CLASS = YES_ERROR;
				CLANG_WARN_RANGE_LOOP_ANALYSIS = YES;
				CLANG_WARN_STRICT_PROTOTYPES = YES;
				CLANG_WARN_SUSPICIOUS_MOVE = YES;
				CLANG_WARN_UNGUARDED_AVAILABILITY = YES_AGGRESSIVE;
				CLANG_WARN_UNREACHABLE_CODE = YES;
				CLANG_WARN__DUPLICATE_METHOD_MATCH = YES;
				CODE_SIGN_IDENTITY = "iPhone Developer";
				COPY_PHASE_STRIP = NO;
				DEBUG_INFORMATION_FORMAT = dwarf;
				ENABLE_STRICT_OBJC_MSGSEND = YES;
				ENABLE_TESTABILITY = YES;
				GCC_C_LANGUAGE_STANDARD = gnu11;
				GCC_DYNAMIC_NO_PIC = NO;
				GCC_NO_COMMON_BLOCKS = YES;
				GCC_OPTIMIZATION_LEVEL = 0;
				GCC_PREPROCESSOR_DEFINITIONS = (
					"DEBUG=1",
					"$(inherited)",
				);
				GCC_WARN_64_TO_32_BIT_CONVERSION = YES;
				GCC_WARN_ABOUT_RETURN_TYPE = YES_ERROR;
				GCC_WARN_UNDECLARED_SELECTOR = YES;
				GCC_WARN_UNINITIALIZED_AUTOS = YES_AGGRESSIVE;
				GCC_WARN_UNUSED_FUNCTION = YES;
				GCC_WARN_UNUSED_VARIABLE = YES;
				IPHONEOS_DEPLOYMENT_TARGET = 12.2;
				MTL_ENABLE_DEBUG_INFO = INCLUDE_SOURCE;
				MTL_FAST_MATH = YES;
				ONLY_ACTIVE_ARCH = YES;
				SDKROOT = iphoneos;
				SWIFT_ACTIVE_COMPILATION_CONDITIONS = DEBUG;
				SWIFT_OPTIMIZATION_LEVEL = "-Onone";
			};
			name = Debug;
		};
		3C6152BA22C4D2FC0046C739 /* Release */ = {
			isa = XCBuildConfiguration;
			buildSettings = {
				ALWAYS_SEARCH_USER_PATHS = NO;
				CLANG_ANALYZER_NONNULL = YES;
				CLANG_ANALYZER_NUMBER_OBJECT_CONVERSION = YES_AGGRESSIVE;
				CLANG_CXX_LANGUAGE_STANDARD = "gnu++14";
				CLANG_CXX_LIBRARY = "libc++";
				CLANG_ENABLE_MODULES = YES;
				CLANG_ENABLE_OBJC_ARC = YES;
				CLANG_ENABLE_OBJC_WEAK = YES;
				CLANG_WARN_BLOCK_CAPTURE_AUTORELEASING = YES;
				CLANG_WARN_BOOL_CONVERSION = YES;
				CLANG_WARN_COMMA = YES;
				CLANG_WARN_CONSTANT_CONVERSION = YES;
				CLANG_WARN_DEPRECATED_OBJC_IMPLEMENTATIONS = YES;
				CLANG_WARN_DIRECT_OBJC_ISA_USAGE = YES_ERROR;
				CLANG_WARN_DOCUMENTATION_COMMENTS = YES;
				CLANG_WARN_EMPTY_BODY = YES;
				CLANG_WARN_ENUM_CONVERSION = YES;
				CLANG_WARN_INFINITE_RECURSION = YES;
				CLANG_WARN_INT_CONVERSION = YES;
				CLANG_WARN_NON_LITERAL_NULL_CONVERSION = YES;
				CLANG_WARN_OBJC_IMPLICIT_RETAIN_SELF = YES;
				CLANG_WARN_OBJC_LITERAL_CONVERSION = YES;
				CLANG_WARN_OBJC_ROOT_CLASS = YES_ERROR;
				CLANG_WARN_RANGE_LOOP_ANALYSIS = YES;
				CLANG_WARN_STRICT_PROTOTYPES = YES;
				CLANG_WARN_SUSPICIOUS_MOVE = YES;
				CLANG_WARN_UNGUARDED_AVAILABILITY = YES_AGGRESSIVE;
				CLANG_WARN_UNREACHABLE_CODE = YES;
				CLANG_WARN__DUPLICATE_METHOD_MATCH = YES;
				CODE_SIGN_IDENTITY = "iPhone Developer";
				COPY_PHASE_STRIP = NO;
				DEBUG_INFORMATION_FORMAT = "dwarf-with-dsym";
				ENABLE_NS_ASSERTIONS = NO;
				ENABLE_STRICT_OBJC_MSGSEND = YES;
				GCC_C_LANGUAGE_STANDARD = gnu11;
				GCC_NO_COMMON_BLOCKS = YES;
				GCC_WARN_64_TO_32_BIT_CONVERSION = YES;
				GCC_WARN_ABOUT_RETURN_TYPE = YES_ERROR;
				GCC_WARN_UNDECLARED_SELECTOR = YES;
				GCC_WARN_UNINITIALIZED_AUTOS = YES_AGGRESSIVE;
				GCC_WARN_UNUSED_FUNCTION = YES;
				GCC_WARN_UNUSED_VARIABLE = YES;
				IPHONEOS_DEPLOYMENT_TARGET = 12.2;
				MTL_ENABLE_DEBUG_INFO = NO;
				MTL_FAST_MATH = YES;
				SDKROOT = iphoneos;
				SWIFT_COMPILATION_MODE = wholemodule;
				SWIFT_OPTIMIZATION_LEVEL = "-O";
				VALIDATE_PRODUCT = YES;
			};
			name = Release;
		};
		3C6152BC22C4D2FC0046C739 /* Debug */ = {
			isa = XCBuildConfiguration;
			buildSettings = {
				ASSETCATALOG_COMPILER_APPICON_NAME = AppIcon;
				CODE_SIGN_STYLE = Automatic;
				DEVELOPMENT_TEAM = 5KTMWSCV9W;
				INFOPLIST_FILE = Rectangles/Info.plist;
				LD_RUNPATH_SEARCH_PATHS = (
					"$(inherited)",
					"@executable_path/Frameworks",
				);
				PRODUCT_BUNDLE_IDENTIFIER = "com.Oleg-Yankivskyi.Rectangles";
				PRODUCT_NAME = "$(TARGET_NAME)";
				SWIFT_VERSION = 5.0;
				TARGETED_DEVICE_FAMILY = "1,2";
			};
			name = Debug;
		};
		3C6152BD22C4D2FC0046C739 /* Release */ = {
			isa = XCBuildConfiguration;
			buildSettings = {
				ASSETCATALOG_COMPILER_APPICON_NAME = AppIcon;
				CODE_SIGN_STYLE = Automatic;
				DEVELOPMENT_TEAM = 5KTMWSCV9W;
				INFOPLIST_FILE = Rectangles/Info.plist;
				LD_RUNPATH_SEARCH_PATHS = (
					"$(inherited)",
					"@executable_path/Frameworks",
				);
				PRODUCT_BUNDLE_IDENTIFIER = "com.Oleg-Yankivskyi.Rectangles";
				PRODUCT_NAME = "$(TARGET_NAME)";
				SWIFT_VERSION = 5.0;
				TARGETED_DEVICE_FAMILY = "1,2";
			};
			name = Release;
		};
/* End XCBuildConfiguration section */

/* Begin XCConfigurationList section */
		3C6152A422C4D2FA0046C739 /* Build configuration list for PBXProject "Rectangles" */ = {
			isa = XCConfigurationList;
			buildConfigurations = (
				3C6152B922C4D2FC0046C739 /* Debug */,
				3C6152BA22C4D2FC0046C739 /* Release */,
			);
			defaultConfigurationIsVisible = 0;
			defaultConfigurationName = Release;
		};
		3C6152BB22C4D2FC0046C739 /* Build configuration list for PBXNativeTarget "Rectangles" */ = {
			isa = XCConfigurationList;
			buildConfigurations = (
				3C6152BC22C4D2FC0046C739 /* Debug */,
				3C6152BD22C4D2FC0046C739 /* Release */,
			);
			defaultConfigurationIsVisible = 0;
			defaultConfigurationName = Release;
		};
/* End XCConfigurationList section */
	};
	rootObject = 3C6152A122C4D2FA0046C739 /* Project object */;
}
